
Microsoft Visual Studio Solution File, Format Version 12.00
# Visual Studio Version 16
VisualStudioVersion = 16.0.29613.14
MinimumVisualStudioVersion = 10.0.40219.1
Project("{FAE04EC0-301F-11D3-BF4B-00C04F79EFBC}") = "RD2", "RD2\RD2.csproj", "{3E232C60-AF88-4D93-9DA8-3D4B704918A1}"
EndProject
Project("{FAE04EC0-301F-11D3-BF4B-00C04F79EFBC}") = "TiqUtils.Wpf", "TiqUtils.Wpf\TiqUtils.Wpf\TiqUtils.Wpf.csproj", "{B03903AE-CB73-4DAB-91D8-439F4AAD4806}"
EndProject
Project("{9A19103F-16F7-4668-BE54-9A1E7A4F7556}") = "TiqUtils", "TiqUtils\TiqUtils\TiqUtils.csproj", "{2CBA14C8-CE3C-4198-8F24-FEDEFBE7F75A}"
EndProject
Global
	GlobalSection(SolutionConfigurationPlatforms) = preSolution
		Debug|Any CPU = Debug|Any CPU
		Release|Any CPU = Release|Any CPU
	EndGlobalSection
	GlobalSection(ProjectConfigurationPlatforms) = postSolution
		{3E232C60-AF88-4D93-9DA8-3D4B704918A1}.Debug|Any CPU.ActiveCfg = Debug|Any CPU
		{3E232C60-AF88-4D93-9DA8-3D4B704918A1}.Debug|Any CPU.Build.0 = Debug|Any CPU
		{3E232C60-AF88-4D93-9DA8-3D4B704918A1}.Release|Any CPU.ActiveCfg = Release|Any CPU
		{3E232C60-AF88-4D93-9DA8-3D4B704918A1}.Release|Any CPU.Build.0 = Release|Any CPU
		{B03903AE-CB73-4DAB-91D8-439F4AAD4806}.Debug|Any CPU.ActiveCfg = Debug|Any CPU
		{B03903AE-CB73-4DAB-91D8-439F4AAD4806}.Debug|Any CPU.Build.0 = Debug|Any CPU
		{B03903AE-CB73-4DAB-91D8-439F4AAD4806}.Release|Any CPU.ActiveCfg = Release|Any CPU
		{B03903AE-CB73-4DAB-91D8-439F4AAD4806}.Release|Any CPU.Build.0 = Release|Any CPU
		{2CBA14C8-CE3C-4198-8F24-FEDEFBE7F75A}.Debug|Any CPU.ActiveCfg = Debug|Any CPU
		{2CBA14C8-CE3C-4198-8F24-FEDEFBE7F75A}.Debug|Any CPU.Build.0 = Debug|Any CPU
		{2CBA14C8-CE3C-4198-8F24-FEDEFBE7F75A}.Release|Any CPU.ActiveCfg = Release|Any CPU
		{2CBA14C8-CE3C-4198-8F24-FEDEFBE7F75A}.Release|Any CPU.Build.0 = Release|Any CPU
	EndGlobalSection
	GlobalSection(SolutionProperties) = preSolution
		HideSolutionNode = FALSE
	EndGlobalSection
	GlobalSection(ExtensibilityGlobals) = postSolution
		SolutionGuid = {6CCED050-E61A-4F6F-838E-8EC1444231EE}
	EndGlobalSection
EndGlobal
